Microsoft Visual Studio Solution File, Format Version 9.00
# Visual Studio 2005
Project("{FAE04EC0-301F-11D3-BF4B-00C04F79EFBC}") = "Blogger", "Blogger\Blogger.csproj", "{D5C537EA-AF47-4BFF-9765-921BF180701F}"
EndProject
Project("{FAE04EC0-301F-11D3-BF4B-00C04F79EFBC}") = "gdata", "gdata\gdata.csproj", "{B6F6D938-0D45-42BA-8A67-55D92EF03995}"
EndProject
Project("{FAE04EC0-301F-11D3-BF4B-00C04F79EFBC}") = "gextension", "gextension\gextension.csproj", "{21BCB644-F9C3-4ADC-8BE1-4E55C6565011}"
EndProject
Project("{FAE04EC0-301F-11D3-BF4B-00C04F79EFBC}") = "gcalendar", "gcalendar\gcalendar.csproj", "{0AD0FA26-A071-4CAC-851C-05B6C26B9888}"
EndProject
Project("{FAE04EC0-301F-11D3-BF4B-00C04F79EFBC}") = "Calendar", "Calendar\Calendar.csproj", "{66A10433-B78E-4144-9FD9-882E21D60F1E}"
EndProject
Project("{FAE04EC0-301F-11D3-BF4B-00C04F79EFBC}") = "gbase", "gbase\gbase.csproj", "{C9B83904-8002-455C-AA48-C47CDF74F365}"
EndProject
Project("{FAE04EC0-301F-11D3-BF4B-00C04F79EFBC}") = "gbase_customertool", "gbase_customertool\gbase_customertool.csproj", "{A9AB8EB3-8327-4F57-9984-652DB7A8B11F}"
EndProject
Project("{FAE04EC0-301F-11D3-BF4B-00C04F79EFBC}") = "gbase_querytool", "gbase_querytool\gbase_querytool.csproj", "{0DB13911-7A1C-4E05-BCEA-B6F3DD6CCEA2}"
EndProject
Project("{F184B08F-C81C-45F6-A57F-5ABD9991F28F}") = "gbase_demo", "gbase_demo\gbase_demo.vbproj", "{48D6F5E9-595C-416E-B105-B4CCD5045511}"
EndProject
Project("{FAE04EC0-301F-11D3-BF4B-00C04F79EFBC}") = "gcodesearch", "gcodesearch\gcodesearch.csproj", "{6C9717F6-4CEF-4665-82DA-31073493FFA0}"
EndProject
Project("{FAE04EC0-301F-11D3-BF4B-00C04F79EFBC}") = "CodeSearch", "CodeSearch\CodeSearch.csproj", "{3ADFC495-3BCB-4A8E-970C-653B079799B4}"
EndProject
Project("{FAE04EC0-301F-11D3-BF4B-00C04F79EFBC}") = "gspreadsheets", "gspreadsheets\gspreadsheets.csproj", "{3FF0C48A-48CC-49CE-8B65-0C780770A75D}"
EndProject
Project("{FAE04EC0-301F-11D3-BF4B-00C04F79EFBC}") = "Spreadsheet", "Spreadsheet\Spreadsheet.csproj", "{87784AB1-DCAB-4C86-BC03-C4D8D1A28606}"
EndProject
Project("{FAE04EC0-301F-11D3-BF4B-00C04F79EFBC}") = "gapps", "gapps\gapps.csproj", "{96CCB33A-3B32-480E-B83D-93F0309F7DD2}"
EndProject
Project("{FAE04EC0-301F-11D3-BF4B-00C04F79EFBC}") = "gapps_sample", "gapps_sample\gapps_sample.csproj", "{25DF4CCD-68C9-400E-87FF-8FCFAF76C998}"
EndProject
Project("{FAE04EC0-301F-11D3-BF4B-00C04F79EFBC}") = "gacl", "gacl\gacl.csproj", "{279D35CE-871A-4C76-B823-A73675EDF191}"
EndProject
Project("{FAE04EC0-301F-11D3-BF4B-00C04F79EFBC}") = "ExecRequest", "ExecRequest\ExecRequest.csproj", "{E430FA52-77E9-415E-9C40-48C8E1AD1479}"
EndProject
Project("{FAE04EC0-301F-11D3-BF4B-00C04F79EFBC}") = "gphotos", "gphotos\gphotos.csproj", "{6781DF3C-A44F-418B-989B-771D17937F91}"
EndProject
Project("{FAE04EC0-301F-11D3-BF4B-00C04F79EFBC}") = "PhotoBrowser", "Photobrowser\PhotoBrowser.csproj", "{40CB899F-54ED-4863-BF78-58BA793A1478}"
EndProject
Project("{FAE04EC0-301F-11D3-BF4B-00C04F79EFBC}") = "gapps_migration_sample", "gapps_migration_sample\gapps_migration_sample.csproj", "{5B456106-A6A7-4EAA-B32C-5EDB92FC2453}"
EndProject
Global
	GlobalSection(SolutionConfigurationPlatforms) = preSolution
		ASP|Any CPU = ASP|Any CPU
		Debug|Any CPU = Debug|Any CPU
		Release|Any CPU = Release|Any CPU
	EndGlobalSection
	GlobalSection(ProjectConfigurationPlatforms) = postSolution
		{D5C537EA-AF47-4BFF-9765-921BF180701F}.ASP|Any CPU.ActiveCfg = ASP|Any CPU
		{D5C537EA-AF47-4BFF-9765-921BF180701F}.Debug|Any CPU.ActiveCfg = Debug|Any CPU
		{D5C537EA-AF47-4BFF-9765-921BF180701F}.Debug|Any CPU.Build.0 = Debug|Any CPU
		{D5C537EA-AF47-4BFF-9765-921BF180701F}.Release|Any CPU.ActiveCfg = Release|Any CPU
		{D5C537EA-AF47-4BFF-9765-921BF180701F}.Release|Any CPU.Build.0 = Release|Any CPU
		{B6F6D938-0D45-42BA-8A67-55D92EF03995}.ASP|Any CPU.ActiveCfg = ASP|Any CPU
		{B6F6D938-0D45-42BA-8A67-55D92EF03995}.ASP|Any CPU.Build.0 = ASP|Any CPU
		{B6F6D938-0D45-42BA-8A67-55D92EF03995}.Debug|Any CPU.ActiveCfg = Debug|Any CPU
		{B6F6D938-0D45-42BA-8A67-55D92EF03995}.Debug|Any CPU.Build.0 = Debug|Any CPU
		{B6F6D938-0D45-42BA-8A67-55D92EF03995}.Release|Any CPU.ActiveCfg = Release|Any CPU
		{B6F6D938-0D45-42BA-8A67-55D92EF03995}.Release|Any CPU.Build.0 = Release|Any CPU
		{21BCB644-F9C3-4ADC-8BE1-4E55C6565011}.ASP|Any CPU.ActiveCfg = ASP|Any CPU
		{21BCB644-F9C3-4ADC-8BE1-4E55C6565011}.ASP|Any CPU.Build.0 = ASP|Any CPU
		{21BCB644-F9C3-4ADC-8BE1-4E55C6565011}.Debug|Any CPU.ActiveCfg = Debug|Any CPU
		{21BCB644-F9C3-4ADC-8BE1-4E55C6565011}.Debug|Any CPU.Build.0 = Debug|Any CPU
		{21BCB644-F9C3-4ADC-8BE1-4E55C6565011}.Release|Any CPU.ActiveCfg = Release|Any CPU
		{21BCB644-F9C3-4ADC-8BE1-4E55C6565011}.Release|Any CPU.Build.0 = Release|Any CPU
		{0AD0FA26-A071-4CAC-851C-05B6C26B9888}.ASP|Any CPU.ActiveCfg = ASP|Any CPU
		{0AD0FA26-A071-4CAC-851C-05B6C26B9888}.ASP|Any CPU.Build.0 = ASP|Any CPU
		{0AD0FA26-A071-4CAC-851C-05B6C26B9888}.Debug|Any CPU.ActiveCfg = Debug|Any CPU
		{0AD0FA26-A071-4CAC-851C-05B6C26B9888}.Debug|Any CPU.Build.0 = Debug|Any CPU
		{0AD0FA26-A071-4CAC-851C-05B6C26B9888}.Release|Any CPU.ActiveCfg = Release|Any CPU
		{0AD0FA26-A071-4CAC-851C-05B6C26B9888}.Release|Any CPU.Build.0 = Release|Any CPU
		{66A10433-B78E-4144-9FD9-882E21D60F1E}.ASP|Any CPU.ActiveCfg = ASP|Any CPU
		{66A10433-B78E-4144-9FD9-882E21D60F1E}.Debug|Any CPU.ActiveCfg = Debug|Any CPU
		{66A10433-B78E-4144-9FD9-882E21D60F1E}.Debug|Any CPU.Build.0 = Debug|Any CPU
		{66A10433-B78E-4144-9FD9-882E21D60F1E}.Release|Any CPU.ActiveCfg = Release|Any CPU
		{66A10433-B78E-4144-9FD9-882E21D60F1E}.Release|Any CPU.Build.0 = Release|Any CPU
		{C9B83904-8002-455C-AA48-C47CDF74F365}.ASP|Any CPU.ActiveCfg = ASP|Any CPU
		{C9B83904-8002-455C-AA48-C47CDF74F365}.ASP|Any CPU.Build.0 = ASP|Any CPU
		{C9B83904-8002-455C-AA48-C47CDF74F365}.Debug|Any CPU.ActiveCfg = Debug|Any CPU
		{C9B83904-8002-455C-AA48-C47CDF74F365}.Debug|Any CPU.Build.0 = Debug|Any CPU
		{C9B83904-8002-455C-AA48-C47CDF74F365}.Release|Any CPU.ActiveCfg = Release|Any CPU
		{C9B83904-8002-455C-AA48-C47CDF74F365}.Release|Any CPU.Build.0 = Release|Any CPU
		{A9AB8EB3-8327-4F57-9984-652DB7A8B11F}.ASP|Any CPU.ActiveCfg = ASP|Any CPU
		{A9AB8EB3-8327-4F57-9984-652DB7A8B11F}.Debug|Any CPU.ActiveCfg = Debug|Any CPU
		{A9AB8EB3-8327-4F57-9984-652DB7A8B11F}.Debug|Any CPU.Build.0 = Debug|Any CPU
		{A9AB8EB3-8327-4F57-9984-652DB7A8B11F}.Release|Any CPU.ActiveCfg = Release|Any CPU
		{A9AB8EB3-8327-4F57-9984-652DB7A8B11F}.Release|Any CPU.Build.0 = Release|Any CPU
		{0DB13911-7A1C-4E05-BCEA-B6F3DD6CCEA2}.ASP|Any CPU.ActiveCfg = ASP|Any CPU
		{0DB13911-7A1C-4E05-BCEA-B6F3DD6CCEA2}.Debug|Any CPU.ActiveCfg = Debug|Any CPU
		{0DB13911-7A1C-4E05-BCEA-B6F3DD6CCEA2}.Debug|Any CPU.Build.0 = Debug|Any CPU
		{0DB13911-7A1C-4E05-BCEA-B6F3DD6CCEA2}.Release|Any CPU.ActiveCfg = Release|Any CPU
		{0DB13911-7A1C-4E05-BCEA-B6F3DD6CCEA2}.Release|Any CPU.Build.0 = Release|Any CPU
		{48D6F5E9-595C-416E-B105-B4CCD5045511}.ASP|Any CPU.ActiveCfg = ASP|Any CPU
		{48D6F5E9-595C-416E-B105-B4CCD5045511}.Debug|Any CPU.ActiveCfg = Debug|Any CPU
		{48D6F5E9-595C-416E-B105-B4CCD5045511}.Release|Any CPU.ActiveCfg = Release|Any CPU
		{6C9717F6-4CEF-4665-82DA-31073493FFA0}.ASP|Any CPU.ActiveCfg = ASP|Any CPU
		{6C9717F6-4CEF-4665-82DA-31073493FFA0}.ASP|Any CPU.Build.0 = ASP|Any CPU
		{6C9717F6-4CEF-4665-82DA-31073493FFA0}.Debug|Any CPU.ActiveCfg = Debug|Any CPU
		{6C9717F6-4CEF-4665-82DA-31073493FFA0}.Debug|Any CPU.Build.0 = Debug|Any CPU
		{6C9717F6-4CEF-4665-82DA-31073493FFA0}.Release|Any CPU.ActiveCfg = Release|Any CPU
		{6C9717F6-4CEF-4665-82DA-31073493FFA0}.Release|Any CPU.Build.0 = Release|Any CPU
		{3ADFC495-3BCB-4A8E-970C-653B079799B4}.ASP|Any CPU.ActiveCfg = ASP|Any CPU
		{3ADFC495-3BCB-4A8E-970C-653B079799B4}.Debug|Any CPU.ActiveCfg = Debug|Any CPU
		{3ADFC495-3BCB-4A8E-970C-653B079799B4}.Debug|Any CPU.Build.0 = Debug|Any CPU
		{3ADFC495-3BCB-4A8E-970C-653B079799B4}.Release|Any CPU.ActiveCfg = Release|Any CPU
		{3ADFC495-3BCB-4A8E-970C-653B079799B4}.Release|Any CPU.Build.0 = Release|Any CPU
		{3FF0C48A-48CC-49CE-8B65-0C780770A75D}.ASP|Any CPU.ActiveCfg = ASP|Any CPU
		{3FF0C48A-48CC-49CE-8B65-0C780770A75D}.ASP|Any CPU.Build.0 = ASP|Any CPU
		{3FF0C48A-48CC-49CE-8B65-0C780770A75D}.Debug|Any CPU.ActiveCfg = Debug|Any CPU
		{3FF0C48A-48CC-49CE-8B65-0C780770A75D}.Debug|Any CPU.Build.0 = Debug|Any CPU
		{3FF0C48A-48CC-49CE-8B65-0C780770A75D}.Release|Any CPU.ActiveCfg = Release|Any CPU
		{3FF0C48A-48CC-49CE-8B65-0C780770A75D}.Release|Any CPU.Build.0 = Release|Any CPU
		{87784AB1-DCAB-4C86-BC03-C4D8D1A28606}.ASP|Any CPU.ActiveCfg = ASP|Any CPU
		{87784AB1-DCAB-4C86-BC03-C4D8D1A28606}.ASP|Any CPU.Build.0 = ASP|Any CPU
		{87784AB1-DCAB-4C86-BC03-C4D8D1A28606}.Debug|Any CPU.ActiveCfg = Debug|Any CPU
		{87784AB1-DCAB-4C86-BC03-C4D8D1A28606}.Debug|Any CPU.Build.0 = Debug|Any CPU
		{87784AB1-DCAB-4C86-BC03-C4D8D1A28606}.Release|Any CPU.ActiveCfg = Release|Any CPU
		{87784AB1-DCAB-4C86-BC03-C4D8D1A28606}.Release|Any CPU.Build.0 = Release|Any CPU
		{96CCB33A-3B32-480E-B83D-93F0309F7DD2}.ASP|Any CPU.ActiveCfg = ASP|Any CPU
		{96CCB33A-3B32-480E-B83D-93F0309F7DD2}.ASP|Any CPU.Build.0 = ASP|Any CPU
		{96CCB33A-3B32-480E-B83D-93F0309F7DD2}.Debug|Any CPU.ActiveCfg = Debug|Any CPU
		{96CCB33A-3B32-480E-B83D-93F0309F7DD2}.Debug|Any CPU.Build.0 = Debug|Any CPU
		{96CCB33A-3B32-480E-B83D-93F0309F7DD2}.Release|Any CPU.ActiveCfg = Release|Any CPU
		{96CCB33A-3B32-480E-B83D-93F0309F7DD2}.Release|Any CPU.Build.0 = Release|Any CPU
		{25DF4CCD-68C9-400E-87FF-8FCFAF76C998}.ASP|Any CPU.ActiveCfg = ASP|Any CPU
		{25DF4CCD-68C9-400E-87FF-8FCFAF76C998}.Debug|Any CPU.ActiveCfg = Debug|Any CPU
		{25DF4CCD-68C9-400E-87FF-8FCFAF76C998}.Debug|Any CPU.Build.0 = Debug|Any CPU
		{25DF4CCD-68C9-400E-87FF-8FCFAF76C998}.Release|Any CPU.ActiveCfg = Release|Any CPU
		{25DF4CCD-68C9-400E-87FF-8FCFAF76C998}.Release|Any CPU.Build.0 = Release|Any CPU
		{279D35CE-871A-4C76-B823-A73675EDF191}.ASP|Any CPU.ActiveCfg = ASP|Any CPU
		{279D35CE-871A-4C76-B823-A73675EDF191}.ASP|Any CPU.Build.0 = ASP|Any CPU
		{279D35CE-871A-4C76-B823-A73675EDF191}.Debug|Any CPU.ActiveCfg = Debug|Any CPU
		{279D35CE-871A-4C76-B823-A73675EDF191}.Debug|Any CPU.Build.0 = Debug|Any CPU
		{279D35CE-871A-4C76-B823-A73675EDF191}.Release|Any CPU.ActiveCfg = Release|Any CPU
		{279D35CE-871A-4C76-B823-A73675EDF191}.Release|Any CPU.Build.0 = Release|Any CPU
		{E430FA52-77E9-415E-9C40-48C8E1AD1479}.ASP|Any CPU.ActiveCfg = Release|Any CPU
		{E430FA52-77E9-415E-9C40-48C8E1AD1479}.ASP|Any CPU.Build.0 = Release|Any CPU
		{E430FA52-77E9-415E-9C40-48C8E1AD1479}.Debug|Any CPU.ActiveCfg = Debug|Any CPU
		{E430FA52-77E9-415E-9C40-48C8E1AD1479}.Debug|Any CPU.Build.0 = Debug|Any CPU
		{E430FA52-77E9-415E-9C40-48C8E1AD1479}.Release|Any CPU.ActiveCfg = Release|Any CPU
		{E430FA52-77E9-415E-9C40-48C8E1AD1479}.Release|Any CPU.Build.0 = Release|Any CPU
		{6781DF3C-A44F-418B-989B-771D17937F91}.ASP|Any CPU.ActiveCfg = ASP|Any CPU
		{6781DF3C-A44F-418B-989B-771D17937F91}.ASP|Any CPU.Build.0 = ASP|Any CPU
		{6781DF3C-A44F-418B-989B-771D17937F91}.Debug|Any CPU.ActiveCfg = Debug|Any CPU
		{6781DF3C-A44F-418B-989B-771D17937F91}.Debug|Any CPU.Build.0 = Debug|Any CPU
		{6781DF3C-A44F-418B-989B-771D17937F91}.Release|Any CPU.ActiveCfg = Release|Any CPU
		{6781DF3C-A44F-418B-989B-771D17937F91}.Release|Any CPU.Build.0 = Release|Any CPU
		{40CB899F-54ED-4863-BF78-58BA793A1478}.ASP|Any CPU.ActiveCfg = Debug|Any CPU
		{40CB899F-54ED-4863-BF78-58BA793A1478}.Debug|Any CPU.ActiveCfg = Debug|Any CPU
		{40CB899F-54ED-4863-BF78-58BA793A1478}.Release|Any CPU.ActiveCfg = Release|Any CPU
		{5B456106-A6A7-4EAA-B32C-5EDB92FC2453}.ASP|Any CPU.ActiveCfg = Debug|Any CPU
		{5B456106-A6A7-4EAA-B32C-5EDB92FC2453}.Debug|Any CPU.ActiveCfg = Debug|Any CPU
		{5B456106-A6A7-4EAA-B32C-5EDB92FC2453}.Release|Any CPU.ActiveCfg = Release|Any CPU
	EndGlobalSection
	GlobalSection(SolutionProperties) = preSolution
		HideSolutionNode = FALSE
	EndGlobalSection
EndGlobal
