
Microsoft Visual Studio Solution File, Format Version 9.00
# Visual Studio 2005
Project("{FAE04EC0-301F-11D3-BF4B-00C04F79EFBC}") = "ReLive", "ReLive\ReLive.csproj", "{0AA90109-4A92-4FB7-B335-C4969A8A5342}"
EndProject
Global
	GlobalSection(SolutionConfigurationPlatforms) = preSolution
		Debug|Any CPU = Debug|Any CPU
		Release|Any CPU = Release|Any CPU
	EndGlobalSection
	GlobalSection(ProjectConfigurationPlatforms) = postSolution
		{0AA90109-4A92-4FB7-B335-C4969A8A5342}.Debug|Any CPU.ActiveCfg = Debug|Any CPU
		{0AA90109-4A92-4FB7-B335-C4969A8A5342}.Debug|Any CPU.Build.0 = Debug|Any CPU
		{0AA90109-4A92-4FB7-B335-C4969A8A5342}.Release|Any CPU.ActiveCfg = Release|Any CPU
		{0AA90109-4A92-4FB7-B335-C4969A8A5342}.Release|Any CPU.Build.0 = Release|Any CPU
	EndGlobalSection
	GlobalSection(SolutionProperties) = preSolution
		HideSolutionNode = FALSE
	EndGlobalSection
EndGlobal
