
Microsoft Visual Studio Solution File, Format Version 9.00
# Visual Studio 2005
Project("{E24C65DC-7377-472B-9ABA-BC803B73C61A}") = "C:\...\ReLiveWeb\", "C:\Users\iceraven\Desktop\ReLiveWeb\", "{759E008B-7B2F-4570-8ECC-7FCF011FCF28}"
	ProjectSection(WebsiteProperties) = preProject
		Debug.AspNetCompiler.VirtualPath = "/ReLiveWeb"
		Debug.AspNetCompiler.PhysicalPath = "C:\Users\iceraven\Desktop\ReLiveWeb\"
		Debug.AspNetCompiler.TargetPath = "PrecompiledWeb\ReLiveWeb\"
		Debug.AspNetCompiler.Updateable = "true"
		Debug.AspNetCompiler.ForceOverwrite = "true"
		Debug.AspNetCompiler.FixedNames = "false"
		Debug.AspNetCompiler.Debug = "True"
		Release.AspNetCompiler.VirtualPath = "/ReLiveWeb"
		Release.AspNetCompiler.PhysicalPath = "C:\Users\iceraven\Desktop\ReLiveWeb\"
		Release.AspNetCompiler.TargetPath = "PrecompiledWeb\ReLiveWeb\"
		Release.AspNetCompiler.Updateable = "true"
		Release.AspNetCompiler.ForceOverwrite = "true"
		Release.AspNetCompiler.FixedNames = "false"
		Release.AspNetCompiler.Debug = "False"
		VWDPort = "57233"
		DefaultWebSiteLanguage = "Visual C#"
	EndProjectSection
EndProject
Global
	GlobalSection(SolutionConfigurationPlatforms) = preSolution
		Debug|.NET = Debug|.NET
	EndGlobalSection
	GlobalSection(ProjectConfigurationPlatforms) = postSolution
		{759E008B-7B2F-4570-8ECC-7FCF011FCF28}.Debug|.NET.ActiveCfg = Debug|.NET
		{759E008B-7B2F-4570-8ECC-7FCF011FCF28}.Debug|.NET.Build.0 = Debug|.NET
	EndGlobalSection
	GlobalSection(SolutionProperties) = preSolution
		HideSolutionNode = FALSE
	EndGlobalSection
EndGlobal
